
Microsoft Visual Studio Solution File, Format Version 12.00
# Visual Studio 2013
VisualStudioVersion = 12.0.40629.0
MinimumVisualStudioVersion = 10.0.40219.1
Project("{FAE04EC0-301F-11D3-BF4B-00C04F79EFBC}") = "BackToAlgorithms", "BackToAlgorithms\BackToAlgorithms.csproj", "{EA043CFB-37B6-43BB-99CE-0558670C3FF2}"
EndProject
Project("{FAE04EC0-301F-11D3-BF4B-00C04F79EFBC}") = "LinqExamples", "LinqExamples\LinqExamples.csproj", "{517EDA6A-F1F7-4540-BBE8-34BAD9E8CD0E}"
EndProject
Project("{FAE04EC0-301F-11D3-BF4B-00C04F79EFBC}") = "WindowsFormsApplication", "WindowsFormsApplication1\WindowsFormsApplication.csproj", "{7E56F598-5CA5-4524-A958-92BDEF48E188}"
EndProject
Project("{FAE04EC0-301F-11D3-BF4B-00C04F79EFBC}") = "WinFormModalApp", "WinFormModalApp\WinFormModalApp.csproj", "{38321C81-BA73-4D60-A7F2-ECA2E3DC2CBA}"
EndProject
Project("{FAE04EC0-301F-11D3-BF4B-00C04F79EFBC}") = "ExpressionTrees", "ExpressionTrees\ExpressionTrees.csproj", "{8403CD33-BDAB-46D8-B6E3-ED49A2A2313B}"
EndProject
Project("{FAE04EC0-301F-11D3-BF4B-00C04F79EFBC}") = "UnityIoC", "UnityIoC\UnityIoC.csproj", "{49628760-B0AB-4E23-9DB4-E240320475B4}"
EndProject
Project("{FAE04EC0-301F-11D3-BF4B-00C04F79EFBC}") = "InterfaceImplementation", "InterfaceImplementation\InterfaceImplementation.csproj", "{9A01B7FA-E2F1-4CF5-8974-A393AED9A941}"
EndProject
Project("{FAE04EC0-301F-11D3-BF4B-00C04F79EFBC}") = "FileSaveAsDialog", "FileSaveAsDialog\FileSaveAsDialog.csproj", "{95797B29-F733-4233-8A0A-B093C9022F28}"
EndProject
Project("{FAE04EC0-301F-11D3-BF4B-00C04F79EFBC}") = "MathDoubleRoundUp", "MathDoubleRoundUp\MathDoubleRoundUp.csproj", "{0A41D546-BCFD-49D8-AB47-83299B96297C}"
EndProject
Project("{FAE04EC0-301F-11D3-BF4B-00C04F79EFBC}") = "ClassDefaultValue", "ClassDefaultValue\ClassDefaultValue.csproj", "{00A8DE51-2226-4970-B4A9-34FFD09F2E63}"
EndProject
Project("{FAE04EC0-301F-11D3-BF4B-00C04F79EFBC}") = "WinFormWithTimer", "WinFormWithTimer\WinFormWithTimer.csproj", "{F15B4252-4A78-4E2E-AF12-2C5BBAA1B266}"
EndProject
Project("{FAE04EC0-301F-11D3-BF4B-00C04F79EFBC}") = "EnumTestApp", "EnumTestApp\EnumTestApp.csproj", "{D93F3963-567C-454A-A34B-EA5A2EDD65BE}"
EndProject
Project("{FAE04EC0-301F-11D3-BF4B-00C04F79EFBC}") = "ThreadLockSample", "ThreadLockSample\ThreadLockSample.csproj", "{6E1B35B3-BC77-4CEF-800C-9F1C50FD3572}"
EndProject
Project("{FAE04EC0-301F-11D3-BF4B-00C04F79EFBC}") = "KeyValuePairListWithMaxValue", "KeyValuePairListWithMaxValue\KeyValuePairListWithMaxValue.csproj", "{66E970DE-47F7-4477-AAAF-FDCD645D086C}"
EndProject
Global
	GlobalSection(SolutionConfigurationPlatforms) = preSolution
		Debug|Any CPU = Debug|Any CPU
		Release|Any CPU = Release|Any CPU
	EndGlobalSection
	GlobalSection(ProjectConfigurationPlatforms) = postSolution
		{EA043CFB-37B6-43BB-99CE-0558670C3FF2}.Debug|Any CPU.ActiveCfg = Debug|Any CPU
		{EA043CFB-37B6-43BB-99CE-0558670C3FF2}.Debug|Any CPU.Build.0 = Debug|Any CPU
		{EA043CFB-37B6-43BB-99CE-0558670C3FF2}.Release|Any CPU.ActiveCfg = Release|Any CPU
		{EA043CFB-37B6-43BB-99CE-0558670C3FF2}.Release|Any CPU.Build.0 = Release|Any CPU
		{517EDA6A-F1F7-4540-BBE8-34BAD9E8CD0E}.Debug|Any CPU.ActiveCfg = Debug|Any CPU
		{517EDA6A-F1F7-4540-BBE8-34BAD9E8CD0E}.Debug|Any CPU.Build.0 = Debug|Any CPU
		{517EDA6A-F1F7-4540-BBE8-34BAD9E8CD0E}.Release|Any CPU.ActiveCfg = Release|Any CPU
		{517EDA6A-F1F7-4540-BBE8-34BAD9E8CD0E}.Release|Any CPU.Build.0 = Release|Any CPU
		{7E56F598-5CA5-4524-A958-92BDEF48E188}.Debug|Any CPU.ActiveCfg = Debug|Any CPU
		{7E56F598-5CA5-4524-A958-92BDEF48E188}.Debug|Any CPU.Build.0 = Debug|Any CPU
		{7E56F598-5CA5-4524-A958-92BDEF48E188}.Release|Any CPU.ActiveCfg = Release|Any CPU
		{7E56F598-5CA5-4524-A958-92BDEF48E188}.Release|Any CPU.Build.0 = Release|Any CPU
		{38321C81-BA73-4D60-A7F2-ECA2E3DC2CBA}.Debug|Any CPU.ActiveCfg = Debug|Any CPU
		{38321C81-BA73-4D60-A7F2-ECA2E3DC2CBA}.Debug|Any CPU.Build.0 = Debug|Any CPU
		{38321C81-BA73-4D60-A7F2-ECA2E3DC2CBA}.Release|Any CPU.ActiveCfg = Release|Any CPU
		{38321C81-BA73-4D60-A7F2-ECA2E3DC2CBA}.Release|Any CPU.Build.0 = Release|Any CPU
		{8403CD33-BDAB-46D8-B6E3-ED49A2A2313B}.Debug|Any CPU.ActiveCfg = Debug|Any CPU
		{8403CD33-BDAB-46D8-B6E3-ED49A2A2313B}.Debug|Any CPU.Build.0 = Debug|Any CPU
		{8403CD33-BDAB-46D8-B6E3-ED49A2A2313B}.Release|Any CPU.ActiveCfg = Release|Any CPU
		{8403CD33-BDAB-46D8-B6E3-ED49A2A2313B}.Release|Any CPU.Build.0 = Release|Any CPU
		{49628760-B0AB-4E23-9DB4-E240320475B4}.Debug|Any CPU.ActiveCfg = Debug|Any CPU
		{49628760-B0AB-4E23-9DB4-E240320475B4}.Debug|Any CPU.Build.0 = Debug|Any CPU
		{49628760-B0AB-4E23-9DB4-E240320475B4}.Release|Any CPU.ActiveCfg = Release|Any CPU
		{49628760-B0AB-4E23-9DB4-E240320475B4}.Release|Any CPU.Build.0 = Release|Any CPU
		{9A01B7FA-E2F1-4CF5-8974-A393AED9A941}.Debug|Any CPU.ActiveCfg = Debug|Any CPU
		{9A01B7FA-E2F1-4CF5-8974-A393AED9A941}.Debug|Any CPU.Build.0 = Debug|Any CPU
		{9A01B7FA-E2F1-4CF5-8974-A393AED9A941}.Release|Any CPU.ActiveCfg = Release|Any CPU
		{9A01B7FA-E2F1-4CF5-8974-A393AED9A941}.Release|Any CPU.Build.0 = Release|Any CPU
		{95797B29-F733-4233-8A0A-B093C9022F28}.Debug|Any CPU.ActiveCfg = Debug|Any CPU
		{95797B29-F733-4233-8A0A-B093C9022F28}.Debug|Any CPU.Build.0 = Debug|Any CPU
		{95797B29-F733-4233-8A0A-B093C9022F28}.Release|Any CPU.ActiveCfg = Release|Any CPU
		{95797B29-F733-4233-8A0A-B093C9022F28}.Release|Any CPU.Build.0 = Release|Any CPU
		{0A41D546-BCFD-49D8-AB47-83299B96297C}.Debug|Any CPU.ActiveCfg = Debug|Any CPU
		{0A41D546-BCFD-49D8-AB47-83299B96297C}.Debug|Any CPU.Build.0 = Debug|Any CPU
		{0A41D546-BCFD-49D8-AB47-83299B96297C}.Release|Any CPU.ActiveCfg = Release|Any CPU
		{0A41D546-BCFD-49D8-AB47-83299B96297C}.Release|Any CPU.Build.0 = Release|Any CPU
		{00A8DE51-2226-4970-B4A9-34FFD09F2E63}.Debug|Any CPU.ActiveCfg = Debug|Any CPU
		{00A8DE51-2226-4970-B4A9-34FFD09F2E63}.Debug|Any CPU.Build.0 = Debug|Any CPU
		{00A8DE51-2226-4970-B4A9-34FFD09F2E63}.Release|Any CPU.ActiveCfg = Release|Any CPU
		{00A8DE51-2226-4970-B4A9-34FFD09F2E63}.Release|Any CPU.Build.0 = Release|Any CPU
		{F15B4252-4A78-4E2E-AF12-2C5BBAA1B266}.Debug|Any CPU.ActiveCfg = Debug|Any CPU
		{F15B4252-4A78-4E2E-AF12-2C5BBAA1B266}.Debug|Any CPU.Build.0 = Debug|Any CPU
		{F15B4252-4A78-4E2E-AF12-2C5BBAA1B266}.Release|Any CPU.ActiveCfg = Release|Any CPU
		{F15B4252-4A78-4E2E-AF12-2C5BBAA1B266}.Release|Any CPU.Build.0 = Release|Any CPU
		{D93F3963-567C-454A-A34B-EA5A2EDD65BE}.Debug|Any CPU.ActiveCfg = Debug|Any CPU
		{D93F3963-567C-454A-A34B-EA5A2EDD65BE}.Debug|Any CPU.Build.0 = Debug|Any CPU
		{D93F3963-567C-454A-A34B-EA5A2EDD65BE}.Release|Any CPU.ActiveCfg = Release|Any CPU
		{D93F3963-567C-454A-A34B-EA5A2EDD65BE}.Release|Any CPU.Build.0 = Release|Any CPU
		{6E1B35B3-BC77-4CEF-800C-9F1C50FD3572}.Debug|Any CPU.ActiveCfg = Debug|Any CPU
		{6E1B35B3-BC77-4CEF-800C-9F1C50FD3572}.Debug|Any CPU.Build.0 = Debug|Any CPU
		{6E1B35B3-BC77-4CEF-800C-9F1C50FD3572}.Release|Any CPU.ActiveCfg = Release|Any CPU
		{6E1B35B3-BC77-4CEF-800C-9F1C50FD3572}.Release|Any CPU.Build.0 = Release|Any CPU
		{66E970DE-47F7-4477-AAAF-FDCD645D086C}.Debug|Any CPU.ActiveCfg = Debug|Any CPU
		{66E970DE-47F7-4477-AAAF-FDCD645D086C}.Debug|Any CPU.Build.0 = Debug|Any CPU
		{66E970DE-47F7-4477-AAAF-FDCD645D086C}.Release|Any CPU.ActiveCfg = Release|Any CPU
		{66E970DE-47F7-4477-AAAF-FDCD645D086C}.Release|Any CPU.Build.0 = Release|Any CPU
	EndGlobalSection
	GlobalSection(SolutionProperties) = preSolution
		HideSolutionNode = FALSE
	EndGlobalSection
EndGlobal
