
Microsoft Visual Studio Solution File, Format Version 12.00
# Visual Studio 14
VisualStudioVersion = 14.0.25420.1
MinimumVisualStudioVersion = 10.0.40219.1
Project("{FAE04EC0-301F-11D3-BF4B-00C04F79EFBC}") = "BackToAlgorithms", "BackToAlgorithms\BackToAlgorithms.csproj", "{EA043CFB-37B6-43BB-99CE-0558670C3FF2}"
EndProject
Project("{FAE04EC0-301F-11D3-BF4B-00C04F79EFBC}") = "LinqExamples", "LinqExamples\LinqExamples.csproj", "{517EDA6A-F1F7-4540-BBE8-34BAD9E8CD0E}"
EndProject
Project("{FAE04EC0-301F-11D3-BF4B-00C04F79EFBC}") = "WindowsFormsApplication", "WindowsFormsApplication1\WindowsFormsApplication.csproj", "{7E56F598-5CA5-4524-A958-92BDEF48E188}"
EndProject
Project("{FAE04EC0-301F-11D3-BF4B-00C04F79EFBC}") = "WinFormModalApp", "WinFormModalApp\WinFormModalApp.csproj", "{38321C81-BA73-4D60-A7F2-ECA2E3DC2CBA}"
EndProject
Project("{FAE04EC0-301F-11D3-BF4B-00C04F79EFBC}") = "ExpressionTrees", "ExpressionTrees\ExpressionTrees.csproj", "{8403CD33-BDAB-46D8-B6E3-ED49A2A2313B}"
EndProject
Project("{FAE04EC0-301F-11D3-BF4B-00C04F79EFBC}") = "UnityIoC", "UnityIoC\UnityIoC.csproj", "{49628760-B0AB-4E23-9DB4-E240320475B4}"
EndProject
Project("{FAE04EC0-301F-11D3-BF4B-00C04F79EFBC}") = "InterfaceImplementation", "InterfaceImplementation\InterfaceImplementation.csproj", "{9A01B7FA-E2F1-4CF5-8974-A393AED9A941}"
EndProject
Project("{FAE04EC0-301F-11D3-BF4B-00C04F79EFBC}") = "FileSaveAsDialog", "FileSaveAsDialog\FileSaveAsDialog.csproj", "{95797B29-F733-4233-8A0A-B093C9022F28}"
EndProject
Project("{FAE04EC0-301F-11D3-BF4B-00C04F79EFBC}") = "MathDoubleRoundUp", "MathDoubleRoundUp\MathDoubleRoundUp.csproj", "{0A41D546-BCFD-49D8-AB47-83299B96297C}"
EndProject
Project("{FAE04EC0-301F-11D3-BF4B-00C04F79EFBC}") = "ClassDefaultValue", "ClassDefaultValue\ClassDefaultValue.csproj", "{00A8DE51-2226-4970-B4A9-34FFD09F2E63}"
EndProject
Project("{FAE04EC0-301F-11D3-BF4B-00C04F79EFBC}") = "WinFormWithTimer", "WinFormWithTimer\WinFormWithTimer.csproj", "{F15B4252-4A78-4E2E-AF12-2C5BBAA1B266}"
EndProject
Project("{FAE04EC0-301F-11D3-BF4B-00C04F79EFBC}") = "EnumTestApp", "EnumTestApp\EnumTestApp.csproj", "{D93F3963-567C-454A-A34B-EA5A2EDD65BE}"
EndProject
Project("{FAE04EC0-301F-11D3-BF4B-00C04F79EFBC}") = "ThreadLockSample", "ThreadLockSample\ThreadLockSample.csproj", "{6E1B35B3-BC77-4CEF-800C-9F1C50FD3572}"
EndProject
Project("{FAE04EC0-301F-11D3-BF4B-00C04F79EFBC}") = "KeyValuePairListWithMaxValue", "KeyValuePairListWithMaxValue\KeyValuePairListWithMaxValue.csproj", "{66E970DE-47F7-4477-AAAF-FDCD645D086C}"
EndProject
Project("{FAE04EC0-301F-11D3-BF4B-00C04F79EFBC}") = "ProcessQueryViaVMI", "ProcessQueryViaVMI\ProcessQueryViaVMI.csproj", "{B89E54C5-5D91-4C0C-88AD-C4CBC4D49527}"
EndProject
Project("{FAE04EC0-301F-11D3-BF4B-00C04F79EFBC}") = "DataGridViewComboBoxColumn", "DataGridViewComboBoxColumn\DataGridViewComboBoxColumn.csproj", "{17B35B5D-565F-4E3B-A6D1-E08FA0C0E218}"
EndProject
Project("{FAE04EC0-301F-11D3-BF4B-00C04F79EFBC}") = "IListSourceImplementation", "IListSourceImplementation\IListSourceImplementation.csproj", "{85B34634-3326-4041-A4C6-DDEF744AC37F}"
EndProject
Project("{FAE04EC0-301F-11D3-BF4B-00C04F79EFBC}") = "XmlToObject", "XmlToObject\XmlToObject.csproj", "{45C16800-557E-441C-A8CE-9DF40D8CE7DF}"
EndProject
Project("{FAE04EC0-301F-11D3-BF4B-00C04F79EFBC}") = "ZipFileTest", "ZipFileTest\ZipFileTest.csproj", "{CC59805B-7DBA-43DB-90B4-FD137D34C57C}"
EndProject
Project("{FAE04EC0-301F-11D3-BF4B-00C04F79EFBC}") = "SaveFileDialogSample", "SaveFileDialogSample\SaveFileDialogSample.csproj", "{103CF59A-DBD0-4F5F-AF15-E6693053682A}"
EndProject
Project("{FAE04EC0-301F-11D3-BF4B-00C04F79EFBC}") = "CommonOpenFileDialogSample", "CommonOpenFileDialogSample\CommonOpenFileDialogSample.csproj", "{767562D1-4084-4437-8873-B470E5C7ED7A}"
EndProject
Project("{FAE04EC0-301F-11D3-BF4B-00C04F79EFBC}") = "CommonSaveFileDialogSample", "CommonSaveFileDialogSample\CommonSaveFileDialogSample.csproj", "{7760B147-7ABD-49CD-94AF-895336A3E5FE}"
EndProject
Project("{FAE04EC0-301F-11D3-BF4B-00C04F79EFBC}") = "LocalDateTimeFormat", "LocalDateTimeFormat\LocalDateTimeFormat.csproj", "{EE90097A-C48C-4805-BB2B-BFF9CB59FB0C}"
EndProject
Project("{FAE04EC0-301F-11D3-BF4B-00C04F79EFBC}") = "TreeViewDragDrop", "TreeViewDragDrop\TreeViewDragDrop.csproj", "{0613CD70-43EF-41AB-9165-CB55E3177BF8}"
EndProject
Project("{FAE04EC0-301F-11D3-BF4B-00C04F79EFBC}") = "NewMessageBox", "NewMessageBox\NewMessageBox.csproj", "{D2028E19-C89A-46D2-9CA0-5C1832FBE0E2}"
EndProject
Project("{FAE04EC0-301F-11D3-BF4B-00C04F79EFBC}") = "AutoFacWithNet452", "AutoFacWithNet452\AutoFacWithNet452.csproj", "{E51FD3F3-EEB6-470E-88A7-D194566C4F09}"
EndProject
Project("{FAE04EC0-301F-11D3-BF4B-00C04F79EFBC}") = "AutoFacWith472", "AutoFacWith472\AutoFacWith472.csproj", "{5A5BD56D-3790-4D86-9B8B-FF0406869C0D}"
EndProject
Project("{FAE04EC0-301F-11D3-BF4B-00C04F79EFBC}") = "SecondApplicatonDomain", "SecondApplicatonDomain\SecondApplicatonDomain.csproj", "{784016ED-6478-4A92-B2EC-DA282E6422BF}"
EndProject
Project("{FAE04EC0-301F-11D3-BF4B-00C04F79EFBC}") = "UnicodeToAsciiEscape", "UnicodeToAsciiEscape\UnicodeToAsciiEscape.csproj", "{33237E76-40D0-408C-9489-F5AF2E2E96D4}"
EndProject
Project("{FAE04EC0-301F-11D3-BF4B-00C04F79EFBC}") = "WinFormXmlChangeReasons", "WinFormXmlChangeReasons\WinFormXmlChangeReasons.csproj", "{B0A36EEE-4C7D-445B-B994-2F754E1DB742}"
EndProject
Project("{FAE04EC0-301F-11D3-BF4B-00C04F79EFBC}") = "ExceptionHandling", "ExceptionHandling\ExceptionHandling.csproj", "{F2AA6F3C-52AA-43E5-8796-F5441FB60D03}"
EndProject
Project("{FAE04EC0-301F-11D3-BF4B-00C04F79EFBC}") = "ShowModalWithInterface", "ShowModalWithInterface\ShowModalWithInterface.csproj", "{EE898A5B-5269-4F92-9F6F-66A371C4D757}"
EndProject
Project("{FAE04EC0-301F-11D3-BF4B-00C04F79EFBC}") = "GetFontSizeInPixels", "GetFontSizeInPixels\GetFontSizeInPixels.csproj", "{CCFCD857-3013-4A1D-8278-A92CCFC28DCA}"
EndProject
Project("{FAE04EC0-301F-11D3-BF4B-00C04F79EFBC}") = "ZebraZPLPrint", "ZebraZPLPrint\ZebraZPLPrint.csproj", "{70F2D29C-E599-4EBC-9D33-C4EC5E2A95F1}"
EndProject
Global
	GlobalSection(SolutionConfigurationPlatforms) = preSolution
		Debug|Any CPU = Debug|Any CPU
		Debug|x64 = Debug|x64
		Release|Any CPU = Release|Any CPU
		Release|x64 = Release|x64
		X64|Any CPU = X64|Any CPU
		X64|x64 = X64|x64
	EndGlobalSection
	GlobalSection(ProjectConfigurationPlatforms) = postSolution
		{EA043CFB-37B6-43BB-99CE-0558670C3FF2}.Debug|Any CPU.ActiveCfg = Debug|Any CPU
		{EA043CFB-37B6-43BB-99CE-0558670C3FF2}.Debug|Any CPU.Build.0 = Debug|Any CPU
		{EA043CFB-37B6-43BB-99CE-0558670C3FF2}.Debug|x64.ActiveCfg = Debug|x64
		{EA043CFB-37B6-43BB-99CE-0558670C3FF2}.Debug|x64.Build.0 = Debug|x64
		{EA043CFB-37B6-43BB-99CE-0558670C3FF2}.Release|Any CPU.ActiveCfg = Release|Any CPU
		{EA043CFB-37B6-43BB-99CE-0558670C3FF2}.Release|Any CPU.Build.0 = Release|Any CPU
		{EA043CFB-37B6-43BB-99CE-0558670C3FF2}.Release|x64.ActiveCfg = Release|x64
		{EA043CFB-37B6-43BB-99CE-0558670C3FF2}.Release|x64.Build.0 = Release|x64
		{EA043CFB-37B6-43BB-99CE-0558670C3FF2}.X64|Any CPU.ActiveCfg = X64|Any CPU
		{EA043CFB-37B6-43BB-99CE-0558670C3FF2}.X64|Any CPU.Build.0 = X64|Any CPU
		{EA043CFB-37B6-43BB-99CE-0558670C3FF2}.X64|x64.ActiveCfg = X64|x64
		{EA043CFB-37B6-43BB-99CE-0558670C3FF2}.X64|x64.Build.0 = X64|x64
		{517EDA6A-F1F7-4540-BBE8-34BAD9E8CD0E}.Debug|Any CPU.ActiveCfg = Debug|Any CPU
		{517EDA6A-F1F7-4540-BBE8-34BAD9E8CD0E}.Debug|Any CPU.Build.0 = Debug|Any CPU
		{517EDA6A-F1F7-4540-BBE8-34BAD9E8CD0E}.Debug|x64.ActiveCfg = Debug|x64
		{517EDA6A-F1F7-4540-BBE8-34BAD9E8CD0E}.Debug|x64.Build.0 = Debug|x64
		{517EDA6A-F1F7-4540-BBE8-34BAD9E8CD0E}.Release|Any CPU.ActiveCfg = Release|Any CPU
		{517EDA6A-F1F7-4540-BBE8-34BAD9E8CD0E}.Release|Any CPU.Build.0 = Release|Any CPU
		{517EDA6A-F1F7-4540-BBE8-34BAD9E8CD0E}.Release|x64.ActiveCfg = Release|x64
		{517EDA6A-F1F7-4540-BBE8-34BAD9E8CD0E}.Release|x64.Build.0 = Release|x64
		{517EDA6A-F1F7-4540-BBE8-34BAD9E8CD0E}.X64|Any CPU.ActiveCfg = X64|Any CPU
		{517EDA6A-F1F7-4540-BBE8-34BAD9E8CD0E}.X64|Any CPU.Build.0 = X64|Any CPU
		{517EDA6A-F1F7-4540-BBE8-34BAD9E8CD0E}.X64|x64.ActiveCfg = X64|x64
		{517EDA6A-F1F7-4540-BBE8-34BAD9E8CD0E}.X64|x64.Build.0 = X64|x64
		{7E56F598-5CA5-4524-A958-92BDEF48E188}.Debug|Any CPU.ActiveCfg = Debug|Any CPU
		{7E56F598-5CA5-4524-A958-92BDEF48E188}.Debug|Any CPU.Build.0 = Debug|Any CPU
		{7E56F598-5CA5-4524-A958-92BDEF48E188}.Debug|x64.ActiveCfg = Debug|x64
		{7E56F598-5CA5-4524-A958-92BDEF48E188}.Debug|x64.Build.0 = Debug|x64
		{7E56F598-5CA5-4524-A958-92BDEF48E188}.Release|Any CPU.ActiveCfg = Release|Any CPU
		{7E56F598-5CA5-4524-A958-92BDEF48E188}.Release|Any CPU.Build.0 = Release|Any CPU
		{7E56F598-5CA5-4524-A958-92BDEF48E188}.Release|x64.ActiveCfg = Release|x64
		{7E56F598-5CA5-4524-A958-92BDEF48E188}.Release|x64.Build.0 = Release|x64
		{7E56F598-5CA5-4524-A958-92BDEF48E188}.X64|Any CPU.ActiveCfg = X64|Any CPU
		{7E56F598-5CA5-4524-A958-92BDEF48E188}.X64|Any CPU.Build.0 = X64|Any CPU
		{7E56F598-5CA5-4524-A958-92BDEF48E188}.X64|x64.ActiveCfg = X64|x64
		{7E56F598-5CA5-4524-A958-92BDEF48E188}.X64|x64.Build.0 = X64|x64
		{38321C81-BA73-4D60-A7F2-ECA2E3DC2CBA}.Debug|Any CPU.ActiveCfg = Debug|Any CPU
		{38321C81-BA73-4D60-A7F2-ECA2E3DC2CBA}.Debug|Any CPU.Build.0 = Debug|Any CPU
		{38321C81-BA73-4D60-A7F2-ECA2E3DC2CBA}.Debug|x64.ActiveCfg = Debug|x64
		{38321C81-BA73-4D60-A7F2-ECA2E3DC2CBA}.Debug|x64.Build.0 = Debug|x64
		{38321C81-BA73-4D60-A7F2-ECA2E3DC2CBA}.Release|Any CPU.ActiveCfg = Release|Any CPU
		{38321C81-BA73-4D60-A7F2-ECA2E3DC2CBA}.Release|Any CPU.Build.0 = Release|Any CPU
		{38321C81-BA73-4D60-A7F2-ECA2E3DC2CBA}.Release|x64.ActiveCfg = Release|x64
		{38321C81-BA73-4D60-A7F2-ECA2E3DC2CBA}.Release|x64.Build.0 = Release|x64
		{38321C81-BA73-4D60-A7F2-ECA2E3DC2CBA}.X64|Any CPU.ActiveCfg = X64|Any CPU
		{38321C81-BA73-4D60-A7F2-ECA2E3DC2CBA}.X64|Any CPU.Build.0 = X64|Any CPU
		{38321C81-BA73-4D60-A7F2-ECA2E3DC2CBA}.X64|x64.ActiveCfg = X64|x64
		{38321C81-BA73-4D60-A7F2-ECA2E3DC2CBA}.X64|x64.Build.0 = X64|x64
		{8403CD33-BDAB-46D8-B6E3-ED49A2A2313B}.Debug|Any CPU.ActiveCfg = Debug|Any CPU
		{8403CD33-BDAB-46D8-B6E3-ED49A2A2313B}.Debug|Any CPU.Build.0 = Debug|Any CPU
		{8403CD33-BDAB-46D8-B6E3-ED49A2A2313B}.Debug|x64.ActiveCfg = Debug|x64
		{8403CD33-BDAB-46D8-B6E3-ED49A2A2313B}.Debug|x64.Build.0 = Debug|x64
		{8403CD33-BDAB-46D8-B6E3-ED49A2A2313B}.Release|Any CPU.ActiveCfg = Release|Any CPU
		{8403CD33-BDAB-46D8-B6E3-ED49A2A2313B}.Release|Any CPU.Build.0 = Release|Any CPU
		{8403CD33-BDAB-46D8-B6E3-ED49A2A2313B}.Release|x64.ActiveCfg = Release|x64
		{8403CD33-BDAB-46D8-B6E3-ED49A2A2313B}.Release|x64.Build.0 = Release|x64
		{8403CD33-BDAB-46D8-B6E3-ED49A2A2313B}.X64|Any CPU.ActiveCfg = X64|Any CPU
		{8403CD33-BDAB-46D8-B6E3-ED49A2A2313B}.X64|Any CPU.Build.0 = X64|Any CPU
		{8403CD33-BDAB-46D8-B6E3-ED49A2A2313B}.X64|x64.ActiveCfg = X64|x64
		{8403CD33-BDAB-46D8-B6E3-ED49A2A2313B}.X64|x64.Build.0 = X64|x64
		{49628760-B0AB-4E23-9DB4-E240320475B4}.Debug|Any CPU.ActiveCfg = Debug|Any CPU
		{49628760-B0AB-4E23-9DB4-E240320475B4}.Debug|Any CPU.Build.0 = Debug|Any CPU
		{49628760-B0AB-4E23-9DB4-E240320475B4}.Debug|x64.ActiveCfg = Debug|x64
		{49628760-B0AB-4E23-9DB4-E240320475B4}.Debug|x64.Build.0 = Debug|x64
		{49628760-B0AB-4E23-9DB4-E240320475B4}.Release|Any CPU.ActiveCfg = Release|Any CPU
		{49628760-B0AB-4E23-9DB4-E240320475B4}.Release|Any CPU.Build.0 = Release|Any CPU
		{49628760-B0AB-4E23-9DB4-E240320475B4}.Release|x64.ActiveCfg = Release|x64
		{49628760-B0AB-4E23-9DB4-E240320475B4}.Release|x64.Build.0 = Release|x64
		{49628760-B0AB-4E23-9DB4-E240320475B4}.X64|Any CPU.ActiveCfg = X64|Any CPU
		{49628760-B0AB-4E23-9DB4-E240320475B4}.X64|Any CPU.Build.0 = X64|Any CPU
		{49628760-B0AB-4E23-9DB4-E240320475B4}.X64|x64.ActiveCfg = X64|x64
		{49628760-B0AB-4E23-9DB4-E240320475B4}.X64|x64.Build.0 = X64|x64
		{9A01B7FA-E2F1-4CF5-8974-A393AED9A941}.Debug|Any CPU.ActiveCfg = Debug|Any CPU
		{9A01B7FA-E2F1-4CF5-8974-A393AED9A941}.Debug|Any CPU.Build.0 = Debug|Any CPU
		{9A01B7FA-E2F1-4CF5-8974-A393AED9A941}.Debug|x64.ActiveCfg = Debug|x64
		{9A01B7FA-E2F1-4CF5-8974-A393AED9A941}.Debug|x64.Build.0 = Debug|x64
		{9A01B7FA-E2F1-4CF5-8974-A393AED9A941}.Release|Any CPU.ActiveCfg = Release|Any CPU
		{9A01B7FA-E2F1-4CF5-8974-A393AED9A941}.Release|Any CPU.Build.0 = Release|Any CPU
		{9A01B7FA-E2F1-4CF5-8974-A393AED9A941}.Release|x64.ActiveCfg = Release|x64
		{9A01B7FA-E2F1-4CF5-8974-A393AED9A941}.Release|x64.Build.0 = Release|x64
		{9A01B7FA-E2F1-4CF5-8974-A393AED9A941}.X64|Any CPU.ActiveCfg = X64|Any CPU
		{9A01B7FA-E2F1-4CF5-8974-A393AED9A941}.X64|Any CPU.Build.0 = X64|Any CPU
		{9A01B7FA-E2F1-4CF5-8974-A393AED9A941}.X64|x64.ActiveCfg = X64|x64
		{9A01B7FA-E2F1-4CF5-8974-A393AED9A941}.X64|x64.Build.0 = X64|x64
		{95797B29-F733-4233-8A0A-B093C9022F28}.Debug|Any CPU.ActiveCfg = Debug|Any CPU
		{95797B29-F733-4233-8A0A-B093C9022F28}.Debug|Any CPU.Build.0 = Debug|Any CPU
		{95797B29-F733-4233-8A0A-B093C9022F28}.Debug|x64.ActiveCfg = Debug|x64
		{95797B29-F733-4233-8A0A-B093C9022F28}.Debug|x64.Build.0 = Debug|x64
		{95797B29-F733-4233-8A0A-B093C9022F28}.Release|Any CPU.ActiveCfg = Release|Any CPU
		{95797B29-F733-4233-8A0A-B093C9022F28}.Release|Any CPU.Build.0 = Release|Any CPU
		{95797B29-F733-4233-8A0A-B093C9022F28}.Release|x64.ActiveCfg = Release|x64
		{95797B29-F733-4233-8A0A-B093C9022F28}.Release|x64.Build.0 = Release|x64
		{95797B29-F733-4233-8A0A-B093C9022F28}.X64|Any CPU.ActiveCfg = X64|Any CPU
		{95797B29-F733-4233-8A0A-B093C9022F28}.X64|Any CPU.Build.0 = X64|Any CPU
		{95797B29-F733-4233-8A0A-B093C9022F28}.X64|x64.ActiveCfg = X64|x64
		{95797B29-F733-4233-8A0A-B093C9022F28}.X64|x64.Build.0 = X64|x64
		{0A41D546-BCFD-49D8-AB47-83299B96297C}.Debug|Any CPU.ActiveCfg = Debug|Any CPU
		{0A41D546-BCFD-49D8-AB47-83299B96297C}.Debug|Any CPU.Build.0 = Debug|Any CPU
		{0A41D546-BCFD-49D8-AB47-83299B96297C}.Debug|x64.ActiveCfg = Debug|x64
		{0A41D546-BCFD-49D8-AB47-83299B96297C}.Debug|x64.Build.0 = Debug|x64
		{0A41D546-BCFD-49D8-AB47-83299B96297C}.Release|Any CPU.ActiveCfg = Release|Any CPU
		{0A41D546-BCFD-49D8-AB47-83299B96297C}.Release|Any CPU.Build.0 = Release|Any CPU
		{0A41D546-BCFD-49D8-AB47-83299B96297C}.Release|x64.ActiveCfg = Release|x64
		{0A41D546-BCFD-49D8-AB47-83299B96297C}.Release|x64.Build.0 = Release|x64
		{0A41D546-BCFD-49D8-AB47-83299B96297C}.X64|Any CPU.ActiveCfg = X64|Any CPU
		{0A41D546-BCFD-49D8-AB47-83299B96297C}.X64|Any CPU.Build.0 = X64|Any CPU
		{0A41D546-BCFD-49D8-AB47-83299B96297C}.X64|x64.ActiveCfg = X64|x64
		{0A41D546-BCFD-49D8-AB47-83299B96297C}.X64|x64.Build.0 = X64|x64
		{00A8DE51-2226-4970-B4A9-34FFD09F2E63}.Debug|Any CPU.ActiveCfg = Debug|Any CPU
		{00A8DE51-2226-4970-B4A9-34FFD09F2E63}.Debug|Any CPU.Build.0 = Debug|Any CPU
		{00A8DE51-2226-4970-B4A9-34FFD09F2E63}.Debug|x64.ActiveCfg = Debug|x64
		{00A8DE51-2226-4970-B4A9-34FFD09F2E63}.Debug|x64.Build.0 = Debug|x64
		{00A8DE51-2226-4970-B4A9-34FFD09F2E63}.Release|Any CPU.ActiveCfg = Release|Any CPU
		{00A8DE51-2226-4970-B4A9-34FFD09F2E63}.Release|Any CPU.Build.0 = Release|Any CPU
		{00A8DE51-2226-4970-B4A9-34FFD09F2E63}.Release|x64.ActiveCfg = Release|x64
		{00A8DE51-2226-4970-B4A9-34FFD09F2E63}.Release|x64.Build.0 = Release|x64
		{00A8DE51-2226-4970-B4A9-34FFD09F2E63}.X64|Any CPU.ActiveCfg = X64|Any CPU
		{00A8DE51-2226-4970-B4A9-34FFD09F2E63}.X64|Any CPU.Build.0 = X64|Any CPU
		{00A8DE51-2226-4970-B4A9-34FFD09F2E63}.X64|x64.ActiveCfg = X64|x64
		{00A8DE51-2226-4970-B4A9-34FFD09F2E63}.X64|x64.Build.0 = X64|x64
		{F15B4252-4A78-4E2E-AF12-2C5BBAA1B266}.Debug|Any CPU.ActiveCfg = Debug|Any CPU
		{F15B4252-4A78-4E2E-AF12-2C5BBAA1B266}.Debug|Any CPU.Build.0 = Debug|Any CPU
		{F15B4252-4A78-4E2E-AF12-2C5BBAA1B266}.Debug|x64.ActiveCfg = Debug|x64
		{F15B4252-4A78-4E2E-AF12-2C5BBAA1B266}.Debug|x64.Build.0 = Debug|x64
		{F15B4252-4A78-4E2E-AF12-2C5BBAA1B266}.Release|Any CPU.ActiveCfg = Release|Any CPU
		{F15B4252-4A78-4E2E-AF12-2C5BBAA1B266}.Release|Any CPU.Build.0 = Release|Any CPU
		{F15B4252-4A78-4E2E-AF12-2C5BBAA1B266}.Release|x64.ActiveCfg = Release|x64
		{F15B4252-4A78-4E2E-AF12-2C5BBAA1B266}.Release|x64.Build.0 = Release|x64
		{F15B4252-4A78-4E2E-AF12-2C5BBAA1B266}.X64|Any CPU.ActiveCfg = X64|Any CPU
		{F15B4252-4A78-4E2E-AF12-2C5BBAA1B266}.X64|Any CPU.Build.0 = X64|Any CPU
		{F15B4252-4A78-4E2E-AF12-2C5BBAA1B266}.X64|x64.ActiveCfg = X64|x64
		{F15B4252-4A78-4E2E-AF12-2C5BBAA1B266}.X64|x64.Build.0 = X64|x64
		{D93F3963-567C-454A-A34B-EA5A2EDD65BE}.Debug|Any CPU.ActiveCfg = Debug|Any CPU
		{D93F3963-567C-454A-A34B-EA5A2EDD65BE}.Debug|Any CPU.Build.0 = Debug|Any CPU
		{D93F3963-567C-454A-A34B-EA5A2EDD65BE}.Debug|x64.ActiveCfg = Debug|x64
		{D93F3963-567C-454A-A34B-EA5A2EDD65BE}.Debug|x64.Build.0 = Debug|x64
		{D93F3963-567C-454A-A34B-EA5A2EDD65BE}.Release|Any CPU.ActiveCfg = Release|Any CPU
		{D93F3963-567C-454A-A34B-EA5A2EDD65BE}.Release|Any CPU.Build.0 = Release|Any CPU
		{D93F3963-567C-454A-A34B-EA5A2EDD65BE}.Release|x64.ActiveCfg = Release|x64
		{D93F3963-567C-454A-A34B-EA5A2EDD65BE}.Release|x64.Build.0 = Release|x64
		{D93F3963-567C-454A-A34B-EA5A2EDD65BE}.X64|Any CPU.ActiveCfg = X64|Any CPU
		{D93F3963-567C-454A-A34B-EA5A2EDD65BE}.X64|Any CPU.Build.0 = X64|Any CPU
		{D93F3963-567C-454A-A34B-EA5A2EDD65BE}.X64|x64.ActiveCfg = X64|x64
		{D93F3963-567C-454A-A34B-EA5A2EDD65BE}.X64|x64.Build.0 = X64|x64
		{6E1B35B3-BC77-4CEF-800C-9F1C50FD3572}.Debug|Any CPU.ActiveCfg = Debug|x64
		{6E1B35B3-BC77-4CEF-800C-9F1C50FD3572}.Debug|Any CPU.Build.0 = Debug|x64
		{6E1B35B3-BC77-4CEF-800C-9F1C50FD3572}.Debug|x64.ActiveCfg = Debug|x64
		{6E1B35B3-BC77-4CEF-800C-9F1C50FD3572}.Debug|x64.Build.0 = Debug|x64
		{6E1B35B3-BC77-4CEF-800C-9F1C50FD3572}.Release|Any CPU.ActiveCfg = Release|Any CPU
		{6E1B35B3-BC77-4CEF-800C-9F1C50FD3572}.Release|Any CPU.Build.0 = Release|Any CPU
		{6E1B35B3-BC77-4CEF-800C-9F1C50FD3572}.Release|x64.ActiveCfg = Release|x64
		{6E1B35B3-BC77-4CEF-800C-9F1C50FD3572}.Release|x64.Build.0 = Release|x64
		{6E1B35B3-BC77-4CEF-800C-9F1C50FD3572}.X64|Any CPU.ActiveCfg = X64|Any CPU
		{6E1B35B3-BC77-4CEF-800C-9F1C50FD3572}.X64|Any CPU.Build.0 = X64|Any CPU
		{6E1B35B3-BC77-4CEF-800C-9F1C50FD3572}.X64|x64.ActiveCfg = X64|x64
		{6E1B35B3-BC77-4CEF-800C-9F1C50FD3572}.X64|x64.Build.0 = X64|x64
		{66E970DE-47F7-4477-AAAF-FDCD645D086C}.Debug|Any CPU.ActiveCfg = Debug|Any CPU
		{66E970DE-47F7-4477-AAAF-FDCD645D086C}.Debug|Any CPU.Build.0 = Debug|Any CPU
		{66E970DE-47F7-4477-AAAF-FDCD645D086C}.Debug|x64.ActiveCfg = Debug|x64
		{66E970DE-47F7-4477-AAAF-FDCD645D086C}.Debug|x64.Build.0 = Debug|x64
		{66E970DE-47F7-4477-AAAF-FDCD645D086C}.Release|Any CPU.ActiveCfg = Release|Any CPU
		{66E970DE-47F7-4477-AAAF-FDCD645D086C}.Release|Any CPU.Build.0 = Release|Any CPU
		{66E970DE-47F7-4477-AAAF-FDCD645D086C}.Release|x64.ActiveCfg = Release|x64
		{66E970DE-47F7-4477-AAAF-FDCD645D086C}.Release|x64.Build.0 = Release|x64
		{66E970DE-47F7-4477-AAAF-FDCD645D086C}.X64|Any CPU.ActiveCfg = X64|Any CPU
		{66E970DE-47F7-4477-AAAF-FDCD645D086C}.X64|Any CPU.Build.0 = X64|Any CPU
		{66E970DE-47F7-4477-AAAF-FDCD645D086C}.X64|x64.ActiveCfg = X64|x64
		{66E970DE-47F7-4477-AAAF-FDCD645D086C}.X64|x64.Build.0 = X64|x64
		{B89E54C5-5D91-4C0C-88AD-C4CBC4D49527}.Debug|Any CPU.ActiveCfg = Debug|Any CPU
		{B89E54C5-5D91-4C0C-88AD-C4CBC4D49527}.Debug|Any CPU.Build.0 = Debug|Any CPU
		{B89E54C5-5D91-4C0C-88AD-C4CBC4D49527}.Debug|x64.ActiveCfg = Debug|x64
		{B89E54C5-5D91-4C0C-88AD-C4CBC4D49527}.Debug|x64.Build.0 = Debug|x64
		{B89E54C5-5D91-4C0C-88AD-C4CBC4D49527}.Release|Any CPU.ActiveCfg = Release|Any CPU
		{B89E54C5-5D91-4C0C-88AD-C4CBC4D49527}.Release|Any CPU.Build.0 = Release|Any CPU
		{B89E54C5-5D91-4C0C-88AD-C4CBC4D49527}.Release|x64.ActiveCfg = Release|x64
		{B89E54C5-5D91-4C0C-88AD-C4CBC4D49527}.Release|x64.Build.0 = Release|x64
		{B89E54C5-5D91-4C0C-88AD-C4CBC4D49527}.X64|Any CPU.ActiveCfg = X64|Any CPU
		{B89E54C5-5D91-4C0C-88AD-C4CBC4D49527}.X64|Any CPU.Build.0 = X64|Any CPU
		{B89E54C5-5D91-4C0C-88AD-C4CBC4D49527}.X64|x64.ActiveCfg = X64|x64
		{B89E54C5-5D91-4C0C-88AD-C4CBC4D49527}.X64|x64.Build.0 = X64|x64
		{17B35B5D-565F-4E3B-A6D1-E08FA0C0E218}.Debug|Any CPU.ActiveCfg = Debug|Any CPU
		{17B35B5D-565F-4E3B-A6D1-E08FA0C0E218}.Debug|Any CPU.Build.0 = Debug|Any CPU
		{17B35B5D-565F-4E3B-A6D1-E08FA0C0E218}.Debug|x64.ActiveCfg = Debug|Any CPU
		{17B35B5D-565F-4E3B-A6D1-E08FA0C0E218}.Debug|x64.Build.0 = Debug|Any CPU
		{17B35B5D-565F-4E3B-A6D1-E08FA0C0E218}.Release|Any CPU.ActiveCfg = Release|Any CPU
		{17B35B5D-565F-4E3B-A6D1-E08FA0C0E218}.Release|Any CPU.Build.0 = Release|Any CPU
		{17B35B5D-565F-4E3B-A6D1-E08FA0C0E218}.Release|x64.ActiveCfg = Release|Any CPU
		{17B35B5D-565F-4E3B-A6D1-E08FA0C0E218}.Release|x64.Build.0 = Release|Any CPU
		{17B35B5D-565F-4E3B-A6D1-E08FA0C0E218}.X64|Any CPU.ActiveCfg = Release|Any CPU
		{17B35B5D-565F-4E3B-A6D1-E08FA0C0E218}.X64|Any CPU.Build.0 = Release|Any CPU
		{17B35B5D-565F-4E3B-A6D1-E08FA0C0E218}.X64|x64.ActiveCfg = Release|Any CPU
		{17B35B5D-565F-4E3B-A6D1-E08FA0C0E218}.X64|x64.Build.0 = Release|Any CPU
		{85B34634-3326-4041-A4C6-DDEF744AC37F}.Debug|Any CPU.ActiveCfg = Debug|Any CPU
		{85B34634-3326-4041-A4C6-DDEF744AC37F}.Debug|Any CPU.Build.0 = Debug|Any CPU
		{85B34634-3326-4041-A4C6-DDEF744AC37F}.Debug|x64.ActiveCfg = Debug|Any CPU
		{85B34634-3326-4041-A4C6-DDEF744AC37F}.Debug|x64.Build.0 = Debug|Any CPU
		{85B34634-3326-4041-A4C6-DDEF744AC37F}.Release|Any CPU.ActiveCfg = Release|Any CPU
		{85B34634-3326-4041-A4C6-DDEF744AC37F}.Release|Any CPU.Build.0 = Release|Any CPU
		{85B34634-3326-4041-A4C6-DDEF744AC37F}.Release|x64.ActiveCfg = Release|Any CPU
		{85B34634-3326-4041-A4C6-DDEF744AC37F}.Release|x64.Build.0 = Release|Any CPU
		{85B34634-3326-4041-A4C6-DDEF744AC37F}.X64|Any CPU.ActiveCfg = Release|Any CPU
		{85B34634-3326-4041-A4C6-DDEF744AC37F}.X64|Any CPU.Build.0 = Release|Any CPU
		{85B34634-3326-4041-A4C6-DDEF744AC37F}.X64|x64.ActiveCfg = Release|Any CPU
		{85B34634-3326-4041-A4C6-DDEF744AC37F}.X64|x64.Build.0 = Release|Any CPU
		{45C16800-557E-441C-A8CE-9DF40D8CE7DF}.Debug|Any CPU.ActiveCfg = Debug|Any CPU
		{45C16800-557E-441C-A8CE-9DF40D8CE7DF}.Debug|Any CPU.Build.0 = Debug|Any CPU
		{45C16800-557E-441C-A8CE-9DF40D8CE7DF}.Debug|x64.ActiveCfg = Debug|Any CPU
		{45C16800-557E-441C-A8CE-9DF40D8CE7DF}.Debug|x64.Build.0 = Debug|Any CPU
		{45C16800-557E-441C-A8CE-9DF40D8CE7DF}.Release|Any CPU.ActiveCfg = Release|Any CPU
		{45C16800-557E-441C-A8CE-9DF40D8CE7DF}.Release|Any CPU.Build.0 = Release|Any CPU
		{45C16800-557E-441C-A8CE-9DF40D8CE7DF}.Release|x64.ActiveCfg = Release|Any CPU
		{45C16800-557E-441C-A8CE-9DF40D8CE7DF}.Release|x64.Build.0 = Release|Any CPU
		{45C16800-557E-441C-A8CE-9DF40D8CE7DF}.X64|Any CPU.ActiveCfg = Release|Any CPU
		{45C16800-557E-441C-A8CE-9DF40D8CE7DF}.X64|Any CPU.Build.0 = Release|Any CPU
		{45C16800-557E-441C-A8CE-9DF40D8CE7DF}.X64|x64.ActiveCfg = Release|Any CPU
		{45C16800-557E-441C-A8CE-9DF40D8CE7DF}.X64|x64.Build.0 = Release|Any CPU
		{CC59805B-7DBA-43DB-90B4-FD137D34C57C}.Debug|Any CPU.ActiveCfg = Debug|Any CPU
		{CC59805B-7DBA-43DB-90B4-FD137D34C57C}.Debug|Any CPU.Build.0 = Debug|Any CPU
		{CC59805B-7DBA-43DB-90B4-FD137D34C57C}.Debug|x64.ActiveCfg = Debug|Any CPU
		{CC59805B-7DBA-43DB-90B4-FD137D34C57C}.Debug|x64.Build.0 = Debug|Any CPU
		{CC59805B-7DBA-43DB-90B4-FD137D34C57C}.Release|Any CPU.ActiveCfg = Release|Any CPU
		{CC59805B-7DBA-43DB-90B4-FD137D34C57C}.Release|Any CPU.Build.0 = Release|Any CPU
		{CC59805B-7DBA-43DB-90B4-FD137D34C57C}.Release|x64.ActiveCfg = Release|Any CPU
		{CC59805B-7DBA-43DB-90B4-FD137D34C57C}.Release|x64.Build.0 = Release|Any CPU
		{CC59805B-7DBA-43DB-90B4-FD137D34C57C}.X64|Any CPU.ActiveCfg = Release|Any CPU
		{CC59805B-7DBA-43DB-90B4-FD137D34C57C}.X64|Any CPU.Build.0 = Release|Any CPU
		{CC59805B-7DBA-43DB-90B4-FD137D34C57C}.X64|x64.ActiveCfg = Release|Any CPU
		{CC59805B-7DBA-43DB-90B4-FD137D34C57C}.X64|x64.Build.0 = Release|Any CPU
		{103CF59A-DBD0-4F5F-AF15-E6693053682A}.Debug|Any CPU.ActiveCfg = Debug|Any CPU
		{103CF59A-DBD0-4F5F-AF15-E6693053682A}.Debug|Any CPU.Build.0 = Debug|Any CPU
		{103CF59A-DBD0-4F5F-AF15-E6693053682A}.Debug|x64.ActiveCfg = Debug|Any CPU
		{103CF59A-DBD0-4F5F-AF15-E6693053682A}.Debug|x64.Build.0 = Debug|Any CPU
		{103CF59A-DBD0-4F5F-AF15-E6693053682A}.Release|Any CPU.ActiveCfg = Release|Any CPU
		{103CF59A-DBD0-4F5F-AF15-E6693053682A}.Release|Any CPU.Build.0 = Release|Any CPU
		{103CF59A-DBD0-4F5F-AF15-E6693053682A}.Release|x64.ActiveCfg = Release|Any CPU
		{103CF59A-DBD0-4F5F-AF15-E6693053682A}.Release|x64.Build.0 = Release|Any CPU
		{103CF59A-DBD0-4F5F-AF15-E6693053682A}.X64|Any CPU.ActiveCfg = Release|Any CPU
		{103CF59A-DBD0-4F5F-AF15-E6693053682A}.X64|Any CPU.Build.0 = Release|Any CPU
		{103CF59A-DBD0-4F5F-AF15-E6693053682A}.X64|x64.ActiveCfg = Release|Any CPU
		{103CF59A-DBD0-4F5F-AF15-E6693053682A}.X64|x64.Build.0 = Release|Any CPU
		{767562D1-4084-4437-8873-B470E5C7ED7A}.Debug|Any CPU.ActiveCfg = Debug|Any CPU
		{767562D1-4084-4437-8873-B470E5C7ED7A}.Debug|Any CPU.Build.0 = Debug|Any CPU
		{767562D1-4084-4437-8873-B470E5C7ED7A}.Debug|x64.ActiveCfg = Debug|Any CPU
		{767562D1-4084-4437-8873-B470E5C7ED7A}.Debug|x64.Build.0 = Debug|Any CPU
		{767562D1-4084-4437-8873-B470E5C7ED7A}.Release|Any CPU.ActiveCfg = Release|Any CPU
		{767562D1-4084-4437-8873-B470E5C7ED7A}.Release|Any CPU.Build.0 = Release|Any CPU
		{767562D1-4084-4437-8873-B470E5C7ED7A}.Release|x64.ActiveCfg = Release|Any CPU
		{767562D1-4084-4437-8873-B470E5C7ED7A}.Release|x64.Build.0 = Release|Any CPU
		{767562D1-4084-4437-8873-B470E5C7ED7A}.X64|Any CPU.ActiveCfg = Release|Any CPU
		{767562D1-4084-4437-8873-B470E5C7ED7A}.X64|Any CPU.Build.0 = Release|Any CPU
		{767562D1-4084-4437-8873-B470E5C7ED7A}.X64|x64.ActiveCfg = Release|Any CPU
		{767562D1-4084-4437-8873-B470E5C7ED7A}.X64|x64.Build.0 = Release|Any CPU
		{7760B147-7ABD-49CD-94AF-895336A3E5FE}.Debug|Any CPU.ActiveCfg = Debug|Any CPU
		{7760B147-7ABD-49CD-94AF-895336A3E5FE}.Debug|Any CPU.Build.0 = Debug|Any CPU
		{7760B147-7ABD-49CD-94AF-895336A3E5FE}.Debug|x64.ActiveCfg = Debug|Any CPU
		{7760B147-7ABD-49CD-94AF-895336A3E5FE}.Debug|x64.Build.0 = Debug|Any CPU
		{7760B147-7ABD-49CD-94AF-895336A3E5FE}.Release|Any CPU.ActiveCfg = Release|Any CPU
		{7760B147-7ABD-49CD-94AF-895336A3E5FE}.Release|Any CPU.Build.0 = Release|Any CPU
		{7760B147-7ABD-49CD-94AF-895336A3E5FE}.Release|x64.ActiveCfg = Release|Any CPU
		{7760B147-7ABD-49CD-94AF-895336A3E5FE}.Release|x64.Build.0 = Release|Any CPU
		{7760B147-7ABD-49CD-94AF-895336A3E5FE}.X64|Any CPU.ActiveCfg = Release|Any CPU
		{7760B147-7ABD-49CD-94AF-895336A3E5FE}.X64|Any CPU.Build.0 = Release|Any CPU
		{7760B147-7ABD-49CD-94AF-895336A3E5FE}.X64|x64.ActiveCfg = Release|Any CPU
		{7760B147-7ABD-49CD-94AF-895336A3E5FE}.X64|x64.Build.0 = Release|Any CPU
		{EE90097A-C48C-4805-BB2B-BFF9CB59FB0C}.Debug|Any CPU.ActiveCfg = Debug|Any CPU
		{EE90097A-C48C-4805-BB2B-BFF9CB59FB0C}.Debug|Any CPU.Build.0 = Debug|Any CPU
		{EE90097A-C48C-4805-BB2B-BFF9CB59FB0C}.Debug|x64.ActiveCfg = Debug|Any CPU
		{EE90097A-C48C-4805-BB2B-BFF9CB59FB0C}.Debug|x64.Build.0 = Debug|Any CPU
		{EE90097A-C48C-4805-BB2B-BFF9CB59FB0C}.Release|Any CPU.ActiveCfg = Release|Any CPU
		{EE90097A-C48C-4805-BB2B-BFF9CB59FB0C}.Release|Any CPU.Build.0 = Release|Any CPU
		{EE90097A-C48C-4805-BB2B-BFF9CB59FB0C}.Release|x64.ActiveCfg = Release|Any CPU
		{EE90097A-C48C-4805-BB2B-BFF9CB59FB0C}.Release|x64.Build.0 = Release|Any CPU
		{EE90097A-C48C-4805-BB2B-BFF9CB59FB0C}.X64|Any CPU.ActiveCfg = Release|Any CPU
		{EE90097A-C48C-4805-BB2B-BFF9CB59FB0C}.X64|Any CPU.Build.0 = Release|Any CPU
		{EE90097A-C48C-4805-BB2B-BFF9CB59FB0C}.X64|x64.ActiveCfg = Release|Any CPU
		{EE90097A-C48C-4805-BB2B-BFF9CB59FB0C}.X64|x64.Build.0 = Release|Any CPU
		{0613CD70-43EF-41AB-9165-CB55E3177BF8}.Debug|Any CPU.ActiveCfg = Debug|Any CPU
		{0613CD70-43EF-41AB-9165-CB55E3177BF8}.Debug|Any CPU.Build.0 = Debug|Any CPU
		{0613CD70-43EF-41AB-9165-CB55E3177BF8}.Debug|x64.ActiveCfg = Debug|Any CPU
		{0613CD70-43EF-41AB-9165-CB55E3177BF8}.Debug|x64.Build.0 = Debug|Any CPU
		{0613CD70-43EF-41AB-9165-CB55E3177BF8}.Release|Any CPU.ActiveCfg = Release|Any CPU
		{0613CD70-43EF-41AB-9165-CB55E3177BF8}.Release|Any CPU.Build.0 = Release|Any CPU
		{0613CD70-43EF-41AB-9165-CB55E3177BF8}.Release|x64.ActiveCfg = Release|Any CPU
		{0613CD70-43EF-41AB-9165-CB55E3177BF8}.Release|x64.Build.0 = Release|Any CPU
		{0613CD70-43EF-41AB-9165-CB55E3177BF8}.X64|Any CPU.ActiveCfg = Release|Any CPU
		{0613CD70-43EF-41AB-9165-CB55E3177BF8}.X64|Any CPU.Build.0 = Release|Any CPU
		{0613CD70-43EF-41AB-9165-CB55E3177BF8}.X64|x64.ActiveCfg = Release|Any CPU
		{0613CD70-43EF-41AB-9165-CB55E3177BF8}.X64|x64.Build.0 = Release|Any CPU
		{D2028E19-C89A-46D2-9CA0-5C1832FBE0E2}.Debug|Any CPU.ActiveCfg = Debug|Any CPU
		{D2028E19-C89A-46D2-9CA0-5C1832FBE0E2}.Debug|Any CPU.Build.0 = Debug|Any CPU
		{D2028E19-C89A-46D2-9CA0-5C1832FBE0E2}.Debug|x64.ActiveCfg = Debug|Any CPU
		{D2028E19-C89A-46D2-9CA0-5C1832FBE0E2}.Debug|x64.Build.0 = Debug|Any CPU
		{D2028E19-C89A-46D2-9CA0-5C1832FBE0E2}.Release|Any CPU.ActiveCfg = Release|Any CPU
		{D2028E19-C89A-46D2-9CA0-5C1832FBE0E2}.Release|Any CPU.Build.0 = Release|Any CPU
		{D2028E19-C89A-46D2-9CA0-5C1832FBE0E2}.Release|x64.ActiveCfg = Release|Any CPU
		{D2028E19-C89A-46D2-9CA0-5C1832FBE0E2}.Release|x64.Build.0 = Release|Any CPU
		{D2028E19-C89A-46D2-9CA0-5C1832FBE0E2}.X64|Any CPU.ActiveCfg = Release|Any CPU
		{D2028E19-C89A-46D2-9CA0-5C1832FBE0E2}.X64|Any CPU.Build.0 = Release|Any CPU
		{D2028E19-C89A-46D2-9CA0-5C1832FBE0E2}.X64|x64.ActiveCfg = Release|Any CPU
		{D2028E19-C89A-46D2-9CA0-5C1832FBE0E2}.X64|x64.Build.0 = Release|Any CPU
		{E51FD3F3-EEB6-470E-88A7-D194566C4F09}.Debug|Any CPU.ActiveCfg = Debug|Any CPU
		{E51FD3F3-EEB6-470E-88A7-D194566C4F09}.Debug|Any CPU.Build.0 = Debug|Any CPU
		{E51FD3F3-EEB6-470E-88A7-D194566C4F09}.Debug|x64.ActiveCfg = Debug|Any CPU
		{E51FD3F3-EEB6-470E-88A7-D194566C4F09}.Debug|x64.Build.0 = Debug|Any CPU
		{E51FD3F3-EEB6-470E-88A7-D194566C4F09}.Release|Any CPU.ActiveCfg = Release|Any CPU
		{E51FD3F3-EEB6-470E-88A7-D194566C4F09}.Release|Any CPU.Build.0 = Release|Any CPU
		{E51FD3F3-EEB6-470E-88A7-D194566C4F09}.Release|x64.ActiveCfg = Release|Any CPU
		{E51FD3F3-EEB6-470E-88A7-D194566C4F09}.Release|x64.Build.0 = Release|Any CPU
		{E51FD3F3-EEB6-470E-88A7-D194566C4F09}.X64|Any CPU.ActiveCfg = Release|Any CPU
		{E51FD3F3-EEB6-470E-88A7-D194566C4F09}.X64|Any CPU.Build.0 = Release|Any CPU
		{E51FD3F3-EEB6-470E-88A7-D194566C4F09}.X64|x64.ActiveCfg = Release|Any CPU
		{E51FD3F3-EEB6-470E-88A7-D194566C4F09}.X64|x64.Build.0 = Release|Any CPU
		{5A5BD56D-3790-4D86-9B8B-FF0406869C0D}.Debug|Any CPU.ActiveCfg = Debug|Any CPU
		{5A5BD56D-3790-4D86-9B8B-FF0406869C0D}.Debug|Any CPU.Build.0 = Debug|Any CPU
		{5A5BD56D-3790-4D86-9B8B-FF0406869C0D}.Debug|x64.ActiveCfg = Debug|Any CPU
		{5A5BD56D-3790-4D86-9B8B-FF0406869C0D}.Debug|x64.Build.0 = Debug|Any CPU
		{5A5BD56D-3790-4D86-9B8B-FF0406869C0D}.Release|Any CPU.ActiveCfg = Release|Any CPU
		{5A5BD56D-3790-4D86-9B8B-FF0406869C0D}.Release|Any CPU.Build.0 = Release|Any CPU
		{5A5BD56D-3790-4D86-9B8B-FF0406869C0D}.Release|x64.ActiveCfg = Release|Any CPU
		{5A5BD56D-3790-4D86-9B8B-FF0406869C0D}.Release|x64.Build.0 = Release|Any CPU
		{5A5BD56D-3790-4D86-9B8B-FF0406869C0D}.X64|Any CPU.ActiveCfg = Release|Any CPU
		{5A5BD56D-3790-4D86-9B8B-FF0406869C0D}.X64|Any CPU.Build.0 = Release|Any CPU
		{5A5BD56D-3790-4D86-9B8B-FF0406869C0D}.X64|x64.ActiveCfg = Release|Any CPU
		{5A5BD56D-3790-4D86-9B8B-FF0406869C0D}.X64|x64.Build.0 = Release|Any CPU
		{784016ED-6478-4A92-B2EC-DA282E6422BF}.Debug|Any CPU.ActiveCfg = Debug|Any CPU
		{784016ED-6478-4A92-B2EC-DA282E6422BF}.Debug|Any CPU.Build.0 = Debug|Any CPU
		{784016ED-6478-4A92-B2EC-DA282E6422BF}.Debug|x64.ActiveCfg = Debug|Any CPU
		{784016ED-6478-4A92-B2EC-DA282E6422BF}.Debug|x64.Build.0 = Debug|Any CPU
		{784016ED-6478-4A92-B2EC-DA282E6422BF}.Release|Any CPU.ActiveCfg = Release|Any CPU
		{784016ED-6478-4A92-B2EC-DA282E6422BF}.Release|Any CPU.Build.0 = Release|Any CPU
		{784016ED-6478-4A92-B2EC-DA282E6422BF}.Release|x64.ActiveCfg = Release|Any CPU
		{784016ED-6478-4A92-B2EC-DA282E6422BF}.Release|x64.Build.0 = Release|Any CPU
		{784016ED-6478-4A92-B2EC-DA282E6422BF}.X64|Any CPU.ActiveCfg = Release|Any CPU
		{784016ED-6478-4A92-B2EC-DA282E6422BF}.X64|Any CPU.Build.0 = Release|Any CPU
		{784016ED-6478-4A92-B2EC-DA282E6422BF}.X64|x64.ActiveCfg = Release|Any CPU
		{784016ED-6478-4A92-B2EC-DA282E6422BF}.X64|x64.Build.0 = Release|Any CPU
		{33237E76-40D0-408C-9489-F5AF2E2E96D4}.Debug|Any CPU.ActiveCfg = Debug|Any CPU
		{33237E76-40D0-408C-9489-F5AF2E2E96D4}.Debug|Any CPU.Build.0 = Debug|Any CPU
		{33237E76-40D0-408C-9489-F5AF2E2E96D4}.Debug|x64.ActiveCfg = Debug|Any CPU
		{33237E76-40D0-408C-9489-F5AF2E2E96D4}.Debug|x64.Build.0 = Debug|Any CPU
		{33237E76-40D0-408C-9489-F5AF2E2E96D4}.Release|Any CPU.ActiveCfg = Release|Any CPU
		{33237E76-40D0-408C-9489-F5AF2E2E96D4}.Release|Any CPU.Build.0 = Release|Any CPU
		{33237E76-40D0-408C-9489-F5AF2E2E96D4}.Release|x64.ActiveCfg = Release|Any CPU
		{33237E76-40D0-408C-9489-F5AF2E2E96D4}.Release|x64.Build.0 = Release|Any CPU
		{33237E76-40D0-408C-9489-F5AF2E2E96D4}.X64|Any CPU.ActiveCfg = Release|Any CPU
		{33237E76-40D0-408C-9489-F5AF2E2E96D4}.X64|Any CPU.Build.0 = Release|Any CPU
		{33237E76-40D0-408C-9489-F5AF2E2E96D4}.X64|x64.ActiveCfg = Release|Any CPU
		{33237E76-40D0-408C-9489-F5AF2E2E96D4}.X64|x64.Build.0 = Release|Any CPU
		{B0A36EEE-4C7D-445B-B994-2F754E1DB742}.Debug|Any CPU.ActiveCfg = Debug|Any CPU
		{B0A36EEE-4C7D-445B-B994-2F754E1DB742}.Debug|Any CPU.Build.0 = Debug|Any CPU
		{B0A36EEE-4C7D-445B-B994-2F754E1DB742}.Debug|x64.ActiveCfg = Debug|Any CPU
		{B0A36EEE-4C7D-445B-B994-2F754E1DB742}.Debug|x64.Build.0 = Debug|Any CPU
		{B0A36EEE-4C7D-445B-B994-2F754E1DB742}.Release|Any CPU.ActiveCfg = Release|Any CPU
		{B0A36EEE-4C7D-445B-B994-2F754E1DB742}.Release|Any CPU.Build.0 = Release|Any CPU
		{B0A36EEE-4C7D-445B-B994-2F754E1DB742}.Release|x64.ActiveCfg = Release|Any CPU
		{B0A36EEE-4C7D-445B-B994-2F754E1DB742}.Release|x64.Build.0 = Release|Any CPU
		{B0A36EEE-4C7D-445B-B994-2F754E1DB742}.X64|Any CPU.ActiveCfg = Release|Any CPU
		{B0A36EEE-4C7D-445B-B994-2F754E1DB742}.X64|Any CPU.Build.0 = Release|Any CPU
		{B0A36EEE-4C7D-445B-B994-2F754E1DB742}.X64|x64.ActiveCfg = Release|Any CPU
		{B0A36EEE-4C7D-445B-B994-2F754E1DB742}.X64|x64.Build.0 = Release|Any CPU
		{F2AA6F3C-52AA-43E5-8796-F5441FB60D03}.Debug|Any CPU.ActiveCfg = Debug|Any CPU
		{F2AA6F3C-52AA-43E5-8796-F5441FB60D03}.Debug|Any CPU.Build.0 = Debug|Any CPU
		{F2AA6F3C-52AA-43E5-8796-F5441FB60D03}.Debug|x64.ActiveCfg = Debug|Any CPU
		{F2AA6F3C-52AA-43E5-8796-F5441FB60D03}.Debug|x64.Build.0 = Debug|Any CPU
		{F2AA6F3C-52AA-43E5-8796-F5441FB60D03}.Release|Any CPU.ActiveCfg = Release|Any CPU
		{F2AA6F3C-52AA-43E5-8796-F5441FB60D03}.Release|Any CPU.Build.0 = Release|Any CPU
		{F2AA6F3C-52AA-43E5-8796-F5441FB60D03}.Release|x64.ActiveCfg = Release|Any CPU
		{F2AA6F3C-52AA-43E5-8796-F5441FB60D03}.Release|x64.Build.0 = Release|Any CPU
		{F2AA6F3C-52AA-43E5-8796-F5441FB60D03}.X64|Any CPU.ActiveCfg = Release|Any CPU
		{F2AA6F3C-52AA-43E5-8796-F5441FB60D03}.X64|Any CPU.Build.0 = Release|Any CPU
		{F2AA6F3C-52AA-43E5-8796-F5441FB60D03}.X64|x64.ActiveCfg = Release|Any CPU
		{F2AA6F3C-52AA-43E5-8796-F5441FB60D03}.X64|x64.Build.0 = Release|Any CPU
		{EE898A5B-5269-4F92-9F6F-66A371C4D757}.Debug|Any CPU.ActiveCfg = Debug|Any CPU
		{EE898A5B-5269-4F92-9F6F-66A371C4D757}.Debug|Any CPU.Build.0 = Debug|Any CPU
		{EE898A5B-5269-4F92-9F6F-66A371C4D757}.Debug|x64.ActiveCfg = Debug|Any CPU
		{EE898A5B-5269-4F92-9F6F-66A371C4D757}.Debug|x64.Build.0 = Debug|Any CPU
		{EE898A5B-5269-4F92-9F6F-66A371C4D757}.Release|Any CPU.ActiveCfg = Release|Any CPU
		{EE898A5B-5269-4F92-9F6F-66A371C4D757}.Release|Any CPU.Build.0 = Release|Any CPU
		{EE898A5B-5269-4F92-9F6F-66A371C4D757}.Release|x64.ActiveCfg = Release|Any CPU
		{EE898A5B-5269-4F92-9F6F-66A371C4D757}.Release|x64.Build.0 = Release|Any CPU
		{EE898A5B-5269-4F92-9F6F-66A371C4D757}.X64|Any CPU.ActiveCfg = Release|Any CPU
		{EE898A5B-5269-4F92-9F6F-66A371C4D757}.X64|Any CPU.Build.0 = Release|Any CPU
		{EE898A5B-5269-4F92-9F6F-66A371C4D757}.X64|x64.ActiveCfg = Release|Any CPU
		{EE898A5B-5269-4F92-9F6F-66A371C4D757}.X64|x64.Build.0 = Release|Any CPU
		{CCFCD857-3013-4A1D-8278-A92CCFC28DCA}.Debug|Any CPU.ActiveCfg = Debug|Any CPU
		{CCFCD857-3013-4A1D-8278-A92CCFC28DCA}.Debug|Any CPU.Build.0 = Debug|Any CPU
		{CCFCD857-3013-4A1D-8278-A92CCFC28DCA}.Debug|x64.ActiveCfg = Debug|Any CPU
		{CCFCD857-3013-4A1D-8278-A92CCFC28DCA}.Debug|x64.Build.0 = Debug|Any CPU
		{CCFCD857-3013-4A1D-8278-A92CCFC28DCA}.Release|Any CPU.ActiveCfg = Release|Any CPU
		{CCFCD857-3013-4A1D-8278-A92CCFC28DCA}.Release|Any CPU.Build.0 = Release|Any CPU
		{CCFCD857-3013-4A1D-8278-A92CCFC28DCA}.Release|x64.ActiveCfg = Release|Any CPU
		{CCFCD857-3013-4A1D-8278-A92CCFC28DCA}.Release|x64.Build.0 = Release|Any CPU
		{CCFCD857-3013-4A1D-8278-A92CCFC28DCA}.X64|Any CPU.ActiveCfg = Release|Any CPU
		{CCFCD857-3013-4A1D-8278-A92CCFC28DCA}.X64|Any CPU.Build.0 = Release|Any CPU
		{CCFCD857-3013-4A1D-8278-A92CCFC28DCA}.X64|x64.ActiveCfg = Release|Any CPU
		{CCFCD857-3013-4A1D-8278-A92CCFC28DCA}.X64|x64.Build.0 = Release|Any CPU
		{70F2D29C-E599-4EBC-9D33-C4EC5E2A95F1}.Debug|Any CPU.ActiveCfg = Debug|Any CPU
		{70F2D29C-E599-4EBC-9D33-C4EC5E2A95F1}.Debug|Any CPU.Build.0 = Debug|Any CPU
		{70F2D29C-E599-4EBC-9D33-C4EC5E2A95F1}.Debug|x64.ActiveCfg = Debug|Any CPU
		{70F2D29C-E599-4EBC-9D33-C4EC5E2A95F1}.Debug|x64.Build.0 = Debug|Any CPU
		{70F2D29C-E599-4EBC-9D33-C4EC5E2A95F1}.Release|Any CPU.ActiveCfg = Release|Any CPU
		{70F2D29C-E599-4EBC-9D33-C4EC5E2A95F1}.Release|Any CPU.Build.0 = Release|Any CPU
		{70F2D29C-E599-4EBC-9D33-C4EC5E2A95F1}.Release|x64.ActiveCfg = Release|Any CPU
		{70F2D29C-E599-4EBC-9D33-C4EC5E2A95F1}.Release|x64.Build.0 = Release|Any CPU
		{70F2D29C-E599-4EBC-9D33-C4EC5E2A95F1}.X64|Any CPU.ActiveCfg = Release|Any CPU
		{70F2D29C-E599-4EBC-9D33-C4EC5E2A95F1}.X64|Any CPU.Build.0 = Release|Any CPU
		{70F2D29C-E599-4EBC-9D33-C4EC5E2A95F1}.X64|x64.ActiveCfg = Release|Any CPU
		{70F2D29C-E599-4EBC-9D33-C4EC5E2A95F1}.X64|x64.Build.0 = Release|Any CPU
	EndGlobalSection
	GlobalSection(SolutionProperties) = preSolution
		HideSolutionNode = FALSE
	EndGlobalSection
EndGlobal
