
Microsoft Visual Studio Solution File, Format Version 12.00
# Visual Studio 14
VisualStudioVersion = 14.0.25420.1
MinimumVisualStudioVersion = 10.0.40219.1
Project("{FAE04EC0-301F-11D3-BF4B-00C04F79EFBC}") = "ePlatform.Common", "ePlatform.Common\ePlatform.Common.csproj", "{AC1AA828-E2ED-482E-A786-7BA4F8D46475}"
EndProject
Project("{FAE04EC0-301F-11D3-BF4B-00C04F79EFBC}") = "ePlatform.WebApi", "ePlatform.WebApi\ePlatform.WebApi.csproj", "{ED989249-CFA8-44A5-8EFE-B57341C4E36C}"
EndProject
Project("{FAE04EC0-301F-11D3-BF4B-00C04F79EFBC}") = "ePlatform.Data", "ePlatform.Data\ePlatform.Data.csproj", "{631ECC00-F28D-440C-8E75-B09725CAC18D}"
EndProject
Project("{FAE04EC0-301F-11D3-BF4B-00C04F79EFBC}") = "ThreadLock.Data", "ThreadLock.Data\ThreadLock.Data.csproj", "{F3CFB10E-378A-46B3-89EE-ACF7E4B3BC27}"
EndProject
Global
	GlobalSection(SolutionConfigurationPlatforms) = preSolution
		Debug|Any CPU = Debug|Any CPU
		Debug|x64 = Debug|x64
		DebugX64|Any CPU = DebugX64|Any CPU
		DebugX64|x64 = DebugX64|x64
		Release|Any CPU = Release|Any CPU
		Release|x64 = Release|x64
		ReleaseX64|Any CPU = ReleaseX64|Any CPU
		ReleaseX64|x64 = ReleaseX64|x64
	EndGlobalSection
	GlobalSection(ProjectConfigurationPlatforms) = postSolution
		{AC1AA828-E2ED-482E-A786-7BA4F8D46475}.Debug|Any CPU.ActiveCfg = Debug|Any CPU
		{AC1AA828-E2ED-482E-A786-7BA4F8D46475}.Debug|Any CPU.Build.0 = Debug|Any CPU
		{AC1AA828-E2ED-482E-A786-7BA4F8D46475}.Debug|x64.ActiveCfg = Debug|Any CPU
		{AC1AA828-E2ED-482E-A786-7BA4F8D46475}.Debug|x64.Build.0 = Debug|Any CPU
		{AC1AA828-E2ED-482E-A786-7BA4F8D46475}.DebugX64|Any CPU.ActiveCfg = DebugX64|Any CPU
		{AC1AA828-E2ED-482E-A786-7BA4F8D46475}.DebugX64|Any CPU.Build.0 = DebugX64|Any CPU
		{AC1AA828-E2ED-482E-A786-7BA4F8D46475}.DebugX64|x64.ActiveCfg = DebugX64|x64
		{AC1AA828-E2ED-482E-A786-7BA4F8D46475}.DebugX64|x64.Build.0 = DebugX64|x64
		{AC1AA828-E2ED-482E-A786-7BA4F8D46475}.Release|Any CPU.ActiveCfg = Release|Any CPU
		{AC1AA828-E2ED-482E-A786-7BA4F8D46475}.Release|Any CPU.Build.0 = Release|Any CPU
		{AC1AA828-E2ED-482E-A786-7BA4F8D46475}.Release|x64.ActiveCfg = Release|Any CPU
		{AC1AA828-E2ED-482E-A786-7BA4F8D46475}.Release|x64.Build.0 = Release|Any CPU
		{AC1AA828-E2ED-482E-A786-7BA4F8D46475}.ReleaseX64|Any CPU.ActiveCfg = ReleaseX64|Any CPU
		{AC1AA828-E2ED-482E-A786-7BA4F8D46475}.ReleaseX64|Any CPU.Build.0 = ReleaseX64|Any CPU
		{AC1AA828-E2ED-482E-A786-7BA4F8D46475}.ReleaseX64|x64.ActiveCfg = ReleaseX64|x64
		{AC1AA828-E2ED-482E-A786-7BA4F8D46475}.ReleaseX64|x64.Build.0 = ReleaseX64|x64
		{ED989249-CFA8-44A5-8EFE-B57341C4E36C}.Debug|Any CPU.ActiveCfg = Debug|Any CPU
		{ED989249-CFA8-44A5-8EFE-B57341C4E36C}.Debug|Any CPU.Build.0 = Debug|Any CPU
		{ED989249-CFA8-44A5-8EFE-B57341C4E36C}.Debug|x64.ActiveCfg = Debug|Any CPU
		{ED989249-CFA8-44A5-8EFE-B57341C4E36C}.Debug|x64.Build.0 = Debug|Any CPU
		{ED989249-CFA8-44A5-8EFE-B57341C4E36C}.DebugX64|Any CPU.ActiveCfg = DebugX64|Any CPU
		{ED989249-CFA8-44A5-8EFE-B57341C4E36C}.DebugX64|Any CPU.Build.0 = DebugX64|Any CPU
		{ED989249-CFA8-44A5-8EFE-B57341C4E36C}.DebugX64|x64.ActiveCfg = DebugX64|x64
		{ED989249-CFA8-44A5-8EFE-B57341C4E36C}.DebugX64|x64.Build.0 = DebugX64|x64
		{ED989249-CFA8-44A5-8EFE-B57341C4E36C}.Release|Any CPU.ActiveCfg = Release|Any CPU
		{ED989249-CFA8-44A5-8EFE-B57341C4E36C}.Release|Any CPU.Build.0 = Release|Any CPU
		{ED989249-CFA8-44A5-8EFE-B57341C4E36C}.Release|x64.ActiveCfg = Release|Any CPU
		{ED989249-CFA8-44A5-8EFE-B57341C4E36C}.Release|x64.Build.0 = Release|Any CPU
		{ED989249-CFA8-44A5-8EFE-B57341C4E36C}.ReleaseX64|Any CPU.ActiveCfg = ReleaseX64|Any CPU
		{ED989249-CFA8-44A5-8EFE-B57341C4E36C}.ReleaseX64|Any CPU.Build.0 = ReleaseX64|Any CPU
		{ED989249-CFA8-44A5-8EFE-B57341C4E36C}.ReleaseX64|x64.ActiveCfg = ReleaseX64|x64
		{ED989249-CFA8-44A5-8EFE-B57341C4E36C}.ReleaseX64|x64.Build.0 = ReleaseX64|x64
		{631ECC00-F28D-440C-8E75-B09725CAC18D}.Debug|Any CPU.ActiveCfg = Debug|Any CPU
		{631ECC00-F28D-440C-8E75-B09725CAC18D}.Debug|Any CPU.Build.0 = Debug|Any CPU
		{631ECC00-F28D-440C-8E75-B09725CAC18D}.Debug|x64.ActiveCfg = Debug|Any CPU
		{631ECC00-F28D-440C-8E75-B09725CAC18D}.Debug|x64.Build.0 = Debug|Any CPU
		{631ECC00-F28D-440C-8E75-B09725CAC18D}.DebugX64|Any CPU.ActiveCfg = Debug|Any CPU
		{631ECC00-F28D-440C-8E75-B09725CAC18D}.DebugX64|Any CPU.Build.0 = Debug|Any CPU
		{631ECC00-F28D-440C-8E75-B09725CAC18D}.DebugX64|x64.ActiveCfg = DebugX64|x64
		{631ECC00-F28D-440C-8E75-B09725CAC18D}.DebugX64|x64.Build.0 = DebugX64|x64
		{631ECC00-F28D-440C-8E75-B09725CAC18D}.Release|Any CPU.ActiveCfg = Release|Any CPU
		{631ECC00-F28D-440C-8E75-B09725CAC18D}.Release|Any CPU.Build.0 = Release|Any CPU
		{631ECC00-F28D-440C-8E75-B09725CAC18D}.Release|x64.ActiveCfg = Release|Any CPU
		{631ECC00-F28D-440C-8E75-B09725CAC18D}.Release|x64.Build.0 = Release|Any CPU
		{631ECC00-F28D-440C-8E75-B09725CAC18D}.ReleaseX64|Any CPU.ActiveCfg = Release|Any CPU
		{631ECC00-F28D-440C-8E75-B09725CAC18D}.ReleaseX64|Any CPU.Build.0 = Release|Any CPU
		{631ECC00-F28D-440C-8E75-B09725CAC18D}.ReleaseX64|x64.ActiveCfg = ReleaseX64|x64
		{631ECC00-F28D-440C-8E75-B09725CAC18D}.ReleaseX64|x64.Build.0 = ReleaseX64|x64
		{F3CFB10E-378A-46B3-89EE-ACF7E4B3BC27}.Debug|Any CPU.ActiveCfg = Debug|Any CPU
		{F3CFB10E-378A-46B3-89EE-ACF7E4B3BC27}.Debug|Any CPU.Build.0 = Debug|Any CPU
		{F3CFB10E-378A-46B3-89EE-ACF7E4B3BC27}.Debug|x64.ActiveCfg = Debug|Any CPU
		{F3CFB10E-378A-46B3-89EE-ACF7E4B3BC27}.Debug|x64.Build.0 = Debug|Any CPU
		{F3CFB10E-378A-46B3-89EE-ACF7E4B3BC27}.DebugX64|Any CPU.ActiveCfg = Debug|Any CPU
		{F3CFB10E-378A-46B3-89EE-ACF7E4B3BC27}.DebugX64|Any CPU.Build.0 = Debug|Any CPU
		{F3CFB10E-378A-46B3-89EE-ACF7E4B3BC27}.DebugX64|x64.ActiveCfg = DebugX64|x64
		{F3CFB10E-378A-46B3-89EE-ACF7E4B3BC27}.DebugX64|x64.Build.0 = DebugX64|x64
		{F3CFB10E-378A-46B3-89EE-ACF7E4B3BC27}.Release|Any CPU.ActiveCfg = Release|Any CPU
		{F3CFB10E-378A-46B3-89EE-ACF7E4B3BC27}.Release|Any CPU.Build.0 = Release|Any CPU
		{F3CFB10E-378A-46B3-89EE-ACF7E4B3BC27}.Release|x64.ActiveCfg = Release|Any CPU
		{F3CFB10E-378A-46B3-89EE-ACF7E4B3BC27}.Release|x64.Build.0 = Release|Any CPU
		{F3CFB10E-378A-46B3-89EE-ACF7E4B3BC27}.ReleaseX64|Any CPU.ActiveCfg = Release|Any CPU
		{F3CFB10E-378A-46B3-89EE-ACF7E4B3BC27}.ReleaseX64|Any CPU.Build.0 = Release|Any CPU
		{F3CFB10E-378A-46B3-89EE-ACF7E4B3BC27}.ReleaseX64|x64.ActiveCfg = ReleaseX64|x64
		{F3CFB10E-378A-46B3-89EE-ACF7E4B3BC27}.ReleaseX64|x64.Build.0 = ReleaseX64|x64
	EndGlobalSection
	GlobalSection(SolutionProperties) = preSolution
		HideSolutionNode = FALSE
	EndGlobalSection
EndGlobal
