
Microsoft Visual Studio Solution File, Format Version 12.00
# Visual Studio 2013
VisualStudioVersion = 12.0.40629.0
MinimumVisualStudioVersion = 10.0.40219.1
Project("{FAE04EC0-301F-11D3-BF4B-00C04F79EFBC}") = "SizeToByteString", "SizeToByteString\SizeToByteString.csproj", "{20E27FD3-98B6-4EDA-B45F-E8D2EDB09612}"
EndProject
Project("{FAE04EC0-301F-11D3-BF4B-00C04F79EFBC}") = "EventHookingOnCompleted", "EventHookingOnCompleted\EventHookingOnCompleted.csproj", "{6C4774B2-217D-42E1-A47C-54996FCB3049}"
EndProject
Project("{FAE04EC0-301F-11D3-BF4B-00C04F79EFBC}") = "EventHooking.Data", "EventHooking.Data\EventHooking.Data.csproj", "{0438392D-086D-434B-AB96-56AF659F67C8}"
EndProject
Project("{FAE04EC0-301F-11D3-BF4B-00C04F79EFBC}") = "EventHooking.Business", "EventHooking.Business\EventHooking.Business.csproj", "{5C480C72-56A2-4A78-A22E-F6EEB240F42E}"
EndProject
Project("{FAE04EC0-301F-11D3-BF4B-00C04F79EFBC}") = "EventCancelExample", "EventCancelExample\EventCancelExample.csproj", "{F027272F-D76C-4B47-AE03-419A11136EA4}"
EndProject
Project("{FAE04EC0-301F-11D3-BF4B-00C04F79EFBC}") = "CustomEventExample", "CustomEventExample\CustomEventExample.csproj", "{6758B3FA-97A8-4E4E-AB3D-73A191ABFC17}"
EndProject
Project("{FAE04EC0-301F-11D3-BF4B-00C04F79EFBC}") = "WrapTwoInterfaceEvents", "WrapTwoInterfaceEvents\WrapTwoInterfaceEvents.csproj", "{F7602118-D714-4517-86F6-98CE7AF17EBE}"
EndProject
Project("{FAE04EC0-301F-11D3-BF4B-00C04F79EFBC}") = "ArrayIndexer", "ArrayIndexer\ArrayIndexer.csproj", "{E7515610-087C-4A8D-A034-7AE8C43E5B2B}"
EndProject
Project("{FAE04EC0-301F-11D3-BF4B-00C04F79EFBC}") = "XElementExample", "XElementExample\XElementExample.csproj", "{44BC0F46-7E17-4AF1-9B97-F53D1782FE39}"
EndProject
Global
	GlobalSection(SolutionConfigurationPlatforms) = preSolution
		Debug|Any CPU = Debug|Any CPU
		Release|Any CPU = Release|Any CPU
	EndGlobalSection
	GlobalSection(ProjectConfigurationPlatforms) = postSolution
		{20E27FD3-98B6-4EDA-B45F-E8D2EDB09612}.Debug|Any CPU.ActiveCfg = Debug|Any CPU
		{20E27FD3-98B6-4EDA-B45F-E8D2EDB09612}.Debug|Any CPU.Build.0 = Debug|Any CPU
		{20E27FD3-98B6-4EDA-B45F-E8D2EDB09612}.Release|Any CPU.ActiveCfg = Release|Any CPU
		{20E27FD3-98B6-4EDA-B45F-E8D2EDB09612}.Release|Any CPU.Build.0 = Release|Any CPU
		{6C4774B2-217D-42E1-A47C-54996FCB3049}.Debug|Any CPU.ActiveCfg = Debug|Any CPU
		{6C4774B2-217D-42E1-A47C-54996FCB3049}.Debug|Any CPU.Build.0 = Debug|Any CPU
		{6C4774B2-217D-42E1-A47C-54996FCB3049}.Release|Any CPU.ActiveCfg = Release|Any CPU
		{6C4774B2-217D-42E1-A47C-54996FCB3049}.Release|Any CPU.Build.0 = Release|Any CPU
		{0438392D-086D-434B-AB96-56AF659F67C8}.Debug|Any CPU.ActiveCfg = Debug|Any CPU
		{0438392D-086D-434B-AB96-56AF659F67C8}.Debug|Any CPU.Build.0 = Debug|Any CPU
		{0438392D-086D-434B-AB96-56AF659F67C8}.Release|Any CPU.ActiveCfg = Release|Any CPU
		{0438392D-086D-434B-AB96-56AF659F67C8}.Release|Any CPU.Build.0 = Release|Any CPU
		{5C480C72-56A2-4A78-A22E-F6EEB240F42E}.Debug|Any CPU.ActiveCfg = Debug|Any CPU
		{5C480C72-56A2-4A78-A22E-F6EEB240F42E}.Debug|Any CPU.Build.0 = Debug|Any CPU
		{5C480C72-56A2-4A78-A22E-F6EEB240F42E}.Release|Any CPU.ActiveCfg = Release|Any CPU
		{5C480C72-56A2-4A78-A22E-F6EEB240F42E}.Release|Any CPU.Build.0 = Release|Any CPU
		{F027272F-D76C-4B47-AE03-419A11136EA4}.Debug|Any CPU.ActiveCfg = Debug|Any CPU
		{F027272F-D76C-4B47-AE03-419A11136EA4}.Debug|Any CPU.Build.0 = Debug|Any CPU
		{F027272F-D76C-4B47-AE03-419A11136EA4}.Release|Any CPU.ActiveCfg = Release|Any CPU
		{F027272F-D76C-4B47-AE03-419A11136EA4}.Release|Any CPU.Build.0 = Release|Any CPU
		{6758B3FA-97A8-4E4E-AB3D-73A191ABFC17}.Debug|Any CPU.ActiveCfg = Debug|Any CPU
		{6758B3FA-97A8-4E4E-AB3D-73A191ABFC17}.Debug|Any CPU.Build.0 = Debug|Any CPU
		{6758B3FA-97A8-4E4E-AB3D-73A191ABFC17}.Release|Any CPU.ActiveCfg = Release|Any CPU
		{6758B3FA-97A8-4E4E-AB3D-73A191ABFC17}.Release|Any CPU.Build.0 = Release|Any CPU
		{F7602118-D714-4517-86F6-98CE7AF17EBE}.Debug|Any CPU.ActiveCfg = Debug|Any CPU
		{F7602118-D714-4517-86F6-98CE7AF17EBE}.Debug|Any CPU.Build.0 = Debug|Any CPU
		{F7602118-D714-4517-86F6-98CE7AF17EBE}.Release|Any CPU.ActiveCfg = Release|Any CPU
		{F7602118-D714-4517-86F6-98CE7AF17EBE}.Release|Any CPU.Build.0 = Release|Any CPU
		{E7515610-087C-4A8D-A034-7AE8C43E5B2B}.Debug|Any CPU.ActiveCfg = Debug|Any CPU
		{E7515610-087C-4A8D-A034-7AE8C43E5B2B}.Debug|Any CPU.Build.0 = Debug|Any CPU
		{E7515610-087C-4A8D-A034-7AE8C43E5B2B}.Release|Any CPU.ActiveCfg = Release|Any CPU
		{E7515610-087C-4A8D-A034-7AE8C43E5B2B}.Release|Any CPU.Build.0 = Release|Any CPU
		{44BC0F46-7E17-4AF1-9B97-F53D1782FE39}.Debug|Any CPU.ActiveCfg = Debug|Any CPU
		{44BC0F46-7E17-4AF1-9B97-F53D1782FE39}.Debug|Any CPU.Build.0 = Debug|Any CPU
		{44BC0F46-7E17-4AF1-9B97-F53D1782FE39}.Release|Any CPU.ActiveCfg = Release|Any CPU
		{44BC0F46-7E17-4AF1-9B97-F53D1782FE39}.Release|Any CPU.Build.0 = Release|Any CPU
	EndGlobalSection
	GlobalSection(SolutionProperties) = preSolution
		HideSolutionNode = FALSE
	EndGlobalSection
EndGlobal
